// !$*UTF8*$!
{
	archiveVersion = 1;
	classes = {
	};
	objectVersion = 52;
	objects = {

/* Begin PBXBuildFile section */
		8B75653B26BDEBEE00D2F90E /* RegistrationUI.framework in Frameworks */ = {isa = PBXBuildFile; fileRef = 8B75653126BDEBED00D2F90E /* RegistrationUI.framework */; };
		8B75655926BDED0900D2F90E /* RegistrationComposition.framework in Frameworks */ = {isa = PBXBuildFile; fileRef = 8B75655026BDED0900D2F90E /* RegistrationComposition.framework */; };
		8B75656826BDED2F00D2F90E /* RegistrationViewComposerTests.swift in Sources */ = {isa = PBXBuildFile; fileRef = 8B75656726BDED2F00D2F90E /* RegistrationViewComposerTests.swift */; };
		8B83961226C1A16F00D837E9 /* RegistrationFormViewControllerSnapshotTests.swift in Sources */ = {isa = PBXBuildFile; fileRef = 8B83961126C1A16F00D837E9 /* RegistrationFormViewControllerSnapshotTests.swift */; };
		8B83961426C1A65E00D837E9 /* XCTestCase+Helpers.swift in Sources */ = {isa = PBXBuildFile; fileRef = 8B83961326C1A65E00D837E9 /* XCTestCase+Helpers.swift */; };
		8B83961626C1BDC800D837E9 /* RegistrationFormViewControllerTests.swift in Sources */ = {isa = PBXBuildFile; fileRef = 8B83961526C1BDC800D837E9 /* RegistrationFormViewControllerTests.swift */; };
		8B83961D26C1BF8E00D837E9 /* TextFieldMock.swift in Sources */ = {isa = PBXBuildFile; fileRef = 8B83961A26C1BF8E00D837E9 /* TextFieldMock.swift */; };
		8B83961E26C1BF8E00D837E9 /* UIBarButtonItem+Helpers.swift in Sources */ = {isa = PBXBuildFile; fileRef = 8B83961C26C1BF8E00D837E9 /* UIBarButtonItem+Helpers.swift */; };
		8B83961F26C1BF8E00D837E9 /* TapGestureRecognizerMock.swift in Sources */ = {isa = PBXBuildFile; fileRef = 8B83961B26C1BF8E00D837E9 /* TapGestureRecognizerMock.swift */; };
		8B83962026C1BF8E00D837E9 /* UIControl+Helpers.swift in Sources */ = {isa = PBXBuildFile; fileRef = 8B83961926C1BF8E00D837E9 /* UIControl+Helpers.swift */; };
		8B83962126C1BF8E00D837E9 /* UIView+Helpers.swift in Sources */ = {isa = PBXBuildFile; fileRef = 8B83961826C1BF8E00D837E9 /* UIView+Helpers.swift */; };
		8BD163B426BF293800C2E126 /* UIBarButtonItem+Helpers.swift in Sources */ = {isa = PBXBuildFile; fileRef = 8BD163B326BF293800C2E126 /* UIBarButtonItem+Helpers.swift */; };
		8BD163B626BF294B00C2E126 /* UIControl+Helpers.swift in Sources */ = {isa = PBXBuildFile; fileRef = 8BD163B526BF294B00C2E126 /* UIControl+Helpers.swift */; };
		8BD163B826BF296800C2E126 /* UIView+Helpers.swift in Sources */ = {isa = PBXBuildFile; fileRef = 8BD163B726BF296800C2E126 /* UIView+Helpers.swift */; };
		8BD163BA26BF298100C2E126 /* TapGestureRecognizerMock.swift in Sources */ = {isa = PBXBuildFile; fileRef = 8BD163B926BF298100C2E126 /* TapGestureRecognizerMock.swift */; };
		8BD163BC26BF299200C2E126 /* TextFieldMock.swift in Sources */ = {isa = PBXBuildFile; fileRef = 8BD163BB26BF299200C2E126 /* TextFieldMock.swift */; };
		8BD163E226BF4F2000C2E126 /* RegistrationViewController.swift in Sources */ = {isa = PBXBuildFile; fileRef = 8BD163E126BF4F2000C2E126 /* RegistrationViewController.swift */; };
		8BD163ED26BF503F00C2E126 /* RegistrationUI.framework in Frameworks */ = {isa = PBXBuildFile; fileRef = 8B75653126BDEBED00D2F90E /* RegistrationUI.framework */; };
		8BD163F726BF517100C2E126 /* RegistrationUIKitViewComposer.swift in Sources */ = {isa = PBXBuildFile; fileRef = 8BD163F626BF517100C2E126 /* RegistrationUIKitViewComposer.swift */; };
		8BD163F926BF51CC00C2E126 /* Weak.swift in Sources */ = {isa = PBXBuildFile; fileRef = 8BD163F826BF51CC00C2E126 /* Weak.swift */; };
		8BD1640226BFF90C00C2E126 /* Animator.swift in Sources */ = {isa = PBXBuildFile; fileRef = 8BD1640126BFF90C00C2E126 /* Animator.swift */; };
		8BD1640326BFFAD200C2E126 /* Scheduler.swift in Sources */ = {isa = PBXBuildFile; fileRef = 8BD163C926BF4D3900C2E126 /* Scheduler.swift */; };
		8BD1641126C00A5000C2E126 /* RegistrationViewController.storyboard in Resources */ = {isa = PBXBuildFile; fileRef = 8BD1640F26C009F600C2E126 /* RegistrationViewController.storyboard */; };
		8BD1641826C00ED200C2E126 /* SnapshotTesting in Frameworks */ = {isa = PBXBuildFile; productRef = 8BD1641726C00ED200C2E126 /* SnapshotTesting */; };
		8BD1641A26C00F0400C2E126 /* RegistrationViewControllerSnapshotTests.swift in Sources */ = {isa = PBXBuildFile; fileRef = 8BD1641926C00F0400C2E126 /* RegistrationViewControllerSnapshotTests.swift */; };
		8BD1642226C0116100C2E126 /* AppDelegate.swift in Sources */ = {isa = PBXBuildFile; fileRef = 8BD1642126C0116100C2E126 /* AppDelegate.swift */; };
		8BD1642426C0116100C2E126 /* SceneDelegate.swift in Sources */ = {isa = PBXBuildFile; fileRef = 8BD1642326C0116100C2E126 /* SceneDelegate.swift */; };
		8BD1642B26C0116300C2E126 /* Assets.xcassets in Resources */ = {isa = PBXBuildFile; fileRef = 8BD1642A26C0116300C2E126 /* Assets.xcassets */; };
		8BD1642E26C0116300C2E126 /* LaunchScreen.storyboard in Resources */ = {isa = PBXBuildFile; fileRef = 8BD1642C26C0116300C2E126 /* LaunchScreen.storyboard */; };
		8BD1643526C0117300C2E126 /* RegistrationComposition.framework in Frameworks */ = {isa = PBXBuildFile; fileRef = 8B75655026BDED0900D2F90E /* RegistrationComposition.framework */; };
		8BD1643626C0117300C2E126 /* RegistrationComposition.framework in Embed Frameworks */ = {isa = PBXBuildFile; fileRef = 8B75655026BDED0900D2F90E /* RegistrationComposition.framework */; settings = {ATTRIBUTES = (CodeSignOnCopy, RemoveHeadersOnCopy, ); }; };
		8BD1643926C0117300C2E126 /* RegistrationUI.framework in Frameworks */ = {isa = PBXBuildFile; fileRef = 8B75653126BDEBED00D2F90E /* RegistrationUI.framework */; };
		8BD1643A26C0117300C2E126 /* RegistrationUI.framework in Embed Frameworks */ = {isa = PBXBuildFile; fileRef = 8B75653126BDEBED00D2F90E /* RegistrationUI.framework */; settings = {ATTRIBUTES = (CodeSignOnCopy, RemoveHeadersOnCopy, ); }; };
		8BD1644326C042BF00C2E126 /* RegistrationPresentation.framework in Frameworks */ = {isa = PBXBuildFile; fileRef = 8BD1644226C042BF00C2E126 /* RegistrationPresentation.framework */; };
		8BD1644826C042CE00C2E126 /* RegistrationCore.framework in Frameworks */ = {isa = PBXBuildFile; fileRef = 8BD1644626C042CE00C2E126 /* RegistrationCore.framework */; };
		8BD1644A26C042CE00C2E126 /* RegistrationPresentation.framework in Frameworks */ = {isa = PBXBuildFile; fileRef = 8BD1644726C042CE00C2E126 /* RegistrationPresentation.framework */; };
		8BD1644F26C042EC00C2E126 /* RegistrationCore.framework in Frameworks */ = {isa = PBXBuildFile; fileRef = 8BD1644D26C042EC00C2E126 /* RegistrationCore.framework */; };
		8BD1645026C042EC00C2E126 /* RegistrationCore.framework in Embed Frameworks */ = {isa = PBXBuildFile; fileRef = 8BD1644D26C042EC00C2E126 /* RegistrationCore.framework */; settings = {ATTRIBUTES = (CodeSignOnCopy, RemoveHeadersOnCopy, ); }; };
		8BD1645126C042EC00C2E126 /* RegistrationPresentation.framework in Frameworks */ = {isa = PBXBuildFile; fileRef = 8BD1644E26C042EC00C2E126 /* RegistrationPresentation.framework */; };
		8BD1645226C042EC00C2E126 /* RegistrationPresentation.framework in Embed Frameworks */ = {isa = PBXBuildFile; fileRef = 8BD1644E26C042EC00C2E126 /* RegistrationPresentation.framework */; settings = {ATTRIBUTES = (CodeSignOnCopy, RemoveHeadersOnCopy, ); }; };
		8BD1646A26C06A3B00C2E126 /* XCTestHelpers.framework in Frameworks */ = {isa = PBXBuildFile; fileRef = 8BD1646926C06A3B00C2E126 /* XCTestHelpers.framework */; };
		8BD1647826C0811500C2E126 /* RegistrationFormViewController.swift in Sources */ = {isa = PBXBuildFile; fileRef = 8BD1647726C0811500C2E126 /* RegistrationFormViewController.swift */; };
		8BD1647A26C0814000C2E126 /* Helpers.swift in Sources */ = {isa = PBXBuildFile; fileRef = 8BD1647926C0814000C2E126 /* Helpers.swift */; };
/* End PBXBuildFile section */

/* Begin PBXContainerItemProxy section */
		8B75653C26BDEBEE00D2F90E /* PBXContainerItemProxy */ = {
			isa = PBXContainerItemProxy;
			containerPortal = 8B75652826BDEBED00D2F90E /* Project object */;
			proxyType = 1;
			remoteGlobalIDString = 8B75653026BDEBED00D2F90E;
			remoteInfo = UI;
		};
		8B75655A26BDED0900D2F90E /* PBXContainerItemProxy */ = {
			isa = PBXContainerItemProxy;
			containerPortal = 8B75652826BDEBED00D2F90E /* Project object */;
			proxyType = 1;
			remoteGlobalIDString = 8B75654F26BDED0900D2F90E;
			remoteInfo = Composition;
		};
		8BD163EF26BF503F00C2E126 /* PBXContainerItemProxy */ = {
			isa = PBXContainerItemProxy;
			containerPortal = 8B75652826BDEBED00D2F90E /* Project object */;
			proxyType = 1;
			remoteGlobalIDString = 8B75653026BDEBED00D2F90E;
			remoteInfo = UI;
		};
		8BD1643726C0117300C2E126 /* PBXContainerItemProxy */ = {
			isa = PBXContainerItemProxy;
			containerPortal = 8B75652826BDEBED00D2F90E /* Project object */;
			proxyType = 1;
			remoteGlobalIDString = 8B75654F26BDED0900D2F90E;
			remoteInfo = Composition;
		};
		8BD1643B26C0117300C2E126 /* PBXContainerItemProxy */ = {
			isa = PBXContainerItemProxy;
			containerPortal = 8B75652826BDEBED00D2F90E /* Project object */;
			proxyType = 1;
			remoteGlobalIDString = 8B75653026BDEBED00D2F90E;
			remoteInfo = UI;
		};
/* End PBXContainerItemProxy section */

/* Begin PBXCopyFilesBuildPhase section */
		8BD1644126C0117300C2E126 /* Embed Frameworks */ = {
			isa = PBXCopyFilesBuildPhase;
			buildActionMask = 2147483647;
			dstPath = "";
			dstSubfolderSpec = 10;
			files = (
				8BD1643A26C0117300C2E126 /* RegistrationUI.framework in Embed Frameworks */,
				8BD1645226C042EC00C2E126 /* RegistrationPresentation.framework in Embed Frameworks */,
				8BD1645026C042EC00C2E126 /* RegistrationCore.framework in Embed Frameworks */,
				8BD1643626C0117300C2E126 /* RegistrationComposition.framework in Embed Frameworks */,
			);
			name = "Embed Frameworks";
			runOnlyForDeploymentPostprocessing = 0;
		};
/* End PBXCopyFilesBuildPhase section */

/* Begin PBXFileReference section */
		8B75653126BDEBED00D2F90E /* RegistrationUI.framework */ = {isa = PBXFileReference; explicitFileType = wrapper.framework; includeInIndex = 0; path = RegistrationUI.framework; sourceTree = BUILT_PRODUCTS_DIR; };
		8B75653526BDEBED00D2F90E /* Info.plist */ = {isa = PBXFileReference; lastKnownFileType = text.plist.xml; path = Info.plist; sourceTree = "<group>"; };
		8B75653A26BDEBEE00D2F90E /* RegistrationUITests.xctest */ = {isa = PBXFileReference; explicitFileType = wrapper.cfbundle; includeInIndex = 0; path = RegistrationUITests.xctest; sourceTree = BUILT_PRODUCTS_DIR; };
		8B75654126BDEBEE00D2F90E /* Info.plist */ = {isa = PBXFileReference; lastKnownFileType = text.plist.xml; path = Info.plist; sourceTree = "<group>"; };
		8B75655026BDED0900D2F90E /* RegistrationComposition.framework */ = {isa = PBXFileReference; explicitFileType = wrapper.framework; includeInIndex = 0; path = RegistrationComposition.framework; sourceTree = BUILT_PRODUCTS_DIR; };
		8B75655326BDED0900D2F90E /* Info.plist */ = {isa = PBXFileReference; lastKnownFileType = text.plist.xml; path = Info.plist; sourceTree = "<group>"; };
		8B75655826BDED0900D2F90E /* RegistrationCompositionTests.xctest */ = {isa = PBXFileReference; explicitFileType = wrapper.cfbundle; includeInIndex = 0; path = RegistrationCompositionTests.xctest; sourceTree = BUILT_PRODUCTS_DIR; };
		8B75655F26BDED0900D2F90E /* Info.plist */ = {isa = PBXFileReference; lastKnownFileType = text.plist.xml; path = Info.plist; sourceTree = "<group>"; };
		8B75656726BDED2F00D2F90E /* RegistrationViewComposerTests.swift */ = {isa = PBXFileReference; lastKnownFileType = sourcecode.swift; path = RegistrationViewComposerTests.swift; sourceTree = "<group>"; };
		8B83961126C1A16F00D837E9 /* RegistrationFormViewControllerSnapshotTests.swift */ = {isa = PBXFileReference; lastKnownFileType = sourcecode.swift; path = RegistrationFormViewControllerSnapshotTests.swift; sourceTree = "<group>"; };
		8B83961326C1A65E00D837E9 /* XCTestCase+Helpers.swift */ = {isa = PBXFileReference; lastKnownFileType = sourcecode.swift; path = "XCTestCase+Helpers.swift"; sourceTree = "<group>"; };
		8B83961526C1BDC800D837E9 /* RegistrationFormViewControllerTests.swift */ = {isa = PBXFileReference; lastKnownFileType = sourcecode.swift; path = RegistrationFormViewControllerTests.swift; sourceTree = "<group>"; };
		8B83961826C1BF8E00D837E9 /* UIView+Helpers.swift */ = {isa = PBXFileReference; lastKnownFileType = sourcecode.swift; path = "UIView+Helpers.swift"; sourceTree = "<group>"; };
		8B83961926C1BF8E00D837E9 /* UIControl+Helpers.swift */ = {isa = PBXFileReference; lastKnownFileType = sourcecode.swift; path = "UIControl+Helpers.swift"; sourceTree = "<group>"; };
		8B83961A26C1BF8E00D837E9 /* TextFieldMock.swift */ = {isa = PBXFileReference; lastKnownFileType = sourcecode.swift; path = TextFieldMock.swift; sourceTree = "<group>"; };
		8B83961B26C1BF8E00D837E9 /* TapGestureRecognizerMock.swift */ = {isa = PBXFileReference; lastKnownFileType = sourcecode.swift; path = TapGestureRecognizerMock.swift; sourceTree = "<group>"; };
		8B83961C26C1BF8E00D837E9 /* UIBarButtonItem+Helpers.swift */ = {isa = PBXFileReference; lastKnownFileType = sourcecode.swift; path = "UIBarButtonItem+Helpers.swift"; sourceTree = "<group>"; };
		8BD163B326BF293800C2E126 /* UIBarButtonItem+Helpers.swift */ = {isa = PBXFileReference; lastKnownFileType = sourcecode.swift; path = "UIBarButtonItem+Helpers.swift"; sourceTree = "<group>"; };
		8BD163B526BF294B00C2E126 /* UIControl+Helpers.swift */ = {isa = PBXFileReference; lastKnownFileType = sourcecode.swift; path = "UIControl+Helpers.swift"; sourceTree = "<group>"; };
		8BD163B726BF296800C2E126 /* UIView+Helpers.swift */ = {isa = PBXFileReference; lastKnownFileType = sourcecode.swift; path = "UIView+Helpers.swift"; sourceTree = "<group>"; };
		8BD163B926BF298100C2E126 /* TapGestureRecognizerMock.swift */ = {isa = PBXFileReference; lastKnownFileType = sourcecode.swift; path = TapGestureRecognizerMock.swift; sourceTree = "<group>"; };
		8BD163BB26BF299200C2E126 /* TextFieldMock.swift */ = {isa = PBXFileReference; lastKnownFileType = sourcecode.swift; path = TextFieldMock.swift; sourceTree = "<group>"; };
		8BD163BE26BF2B6100C2E126 /* Core.framework */ = {isa = PBXFileReference; explicitFileType = wrapper.framework; path = Core.framework; sourceTree = BUILT_PRODUCTS_DIR; };
		8BD163C526BF2BE800C2E126 /* Core.framework */ = {isa = PBXFileReference; explicitFileType = wrapper.framework; path = Core.framework; sourceTree = BUILT_PRODUCTS_DIR; };
		8BD163C926BF4D3900C2E126 /* Scheduler.swift */ = {isa = PBXFileReference; lastKnownFileType = sourcecode.swift; path = Scheduler.swift; sourceTree = "<group>"; };
		8BD163DB26BF4EA200C2E126 /* Presentation.framework */ = {isa = PBXFileReference; explicitFileType = wrapper.framework; path = Presentation.framework; sourceTree = BUILT_PRODUCTS_DIR; };
		8BD163DD26BF4EAF00C2E126 /* Presentation.framework */ = {isa = PBXFileReference; explicitFileType = wrapper.framework; path = Presentation.framework; sourceTree = BUILT_PRODUCTS_DIR; };
		8BD163E126BF4F2000C2E126 /* RegistrationViewController.swift */ = {isa = PBXFileReference; lastKnownFileType = sourcecode.swift; path = RegistrationViewController.swift; sourceTree = "<group>"; };
		8BD163F226BF50FF00C2E126 /* Presentation.framework */ = {isa = PBXFileReference; explicitFileType = wrapper.framework; path = Presentation.framework; sourceTree = BUILT_PRODUCTS_DIR; };
		8BD163F626BF517100C2E126 /* RegistrationUIKitViewComposer.swift */ = {isa = PBXFileReference; lastKnownFileType = sourcecode.swift; path = RegistrationUIKitViewComposer.swift; sourceTree = "<group>"; };
		8BD163F826BF51CC00C2E126 /* Weak.swift */ = {isa = PBXFileReference; lastKnownFileType = sourcecode.swift; path = Weak.swift; sourceTree = "<group>"; };
		8BD1640126BFF90C00C2E126 /* Animator.swift */ = {isa = PBXFileReference; lastKnownFileType = sourcecode.swift; path = Animator.swift; sourceTree = "<group>"; };
		8BD1641026C009F600C2E126 /* Base */ = {isa = PBXFileReference; lastKnownFileType = file.storyboard; name = Base; path = Base.lproj/RegistrationViewController.storyboard; sourceTree = "<group>"; };
		8BD1641926C00F0400C2E126 /* RegistrationViewControllerSnapshotTests.swift */ = {isa = PBXFileReference; lastKnownFileType = sourcecode.swift; path = RegistrationViewControllerSnapshotTests.swift; sourceTree = "<group>"; };
		8BD1641F26C0116100C2E126 /* RegistrationDemo.app */ = {isa = PBXFileReference; explicitFileType = wrapper.application; includeInIndex = 0; path = RegistrationDemo.app; sourceTree = BUILT_PRODUCTS_DIR; };
		8BD1642126C0116100C2E126 /* AppDelegate.swift */ = {isa = PBXFileReference; lastKnownFileType = sourcecode.swift; path = AppDelegate.swift; sourceTree = "<group>"; };
		8BD1642326C0116100C2E126 /* SceneDelegate.swift */ = {isa = PBXFileReference; lastKnownFileType = sourcecode.swift; path = SceneDelegate.swift; sourceTree = "<group>"; };
		8BD1642A26C0116300C2E126 /* Assets.xcassets */ = {isa = PBXFileReference; lastKnownFileType = folder.assetcatalog; path = Assets.xcassets; sourceTree = "<group>"; };
		8BD1642D26C0116300C2E126 /* Base */ = {isa = PBXFileReference; lastKnownFileType = file.storyboard; name = Base; path = Base.lproj/LaunchScreen.storyboard; sourceTree = "<group>"; };
		8BD1642F26C0116300C2E126 /* Info.plist */ = {isa = PBXFileReference; lastKnownFileType = text.plist.xml; path = Info.plist; sourceTree = "<group>"; };
		8BD1643326C0117300C2E126 /* Core.framework */ = {isa = PBXFileReference; explicitFileType = wrapper.framework; path = Core.framework; sourceTree = BUILT_PRODUCTS_DIR; };
		8BD1643426C0117300C2E126 /* Presentation.framework */ = {isa = PBXFileReference; explicitFileType = wrapper.framework; path = Presentation.framework; sourceTree = BUILT_PRODUCTS_DIR; };
		8BD1644226C042BF00C2E126 /* RegistrationPresentation.framework */ = {isa = PBXFileReference; explicitFileType = wrapper.framework; path = RegistrationPresentation.framework; sourceTree = BUILT_PRODUCTS_DIR; };
		8BD1644626C042CE00C2E126 /* RegistrationCore.framework */ = {isa = PBXFileReference; explicitFileType = wrapper.framework; path = RegistrationCore.framework; sourceTree = BUILT_PRODUCTS_DIR; };
		8BD1644726C042CE00C2E126 /* RegistrationPresentation.framework */ = {isa = PBXFileReference; explicitFileType = wrapper.framework; path = RegistrationPresentation.framework; sourceTree = BUILT_PRODUCTS_DIR; };
		8BD1644D26C042EC00C2E126 /* RegistrationCore.framework */ = {isa = PBXFileReference; explicitFileType = wrapper.framework; path = RegistrationCore.framework; sourceTree = BUILT_PRODUCTS_DIR; };
		8BD1644E26C042EC00C2E126 /* RegistrationPresentation.framework */ = {isa = PBXFileReference; explicitFileType = wrapper.framework; path = RegistrationPresentation.framework; sourceTree = BUILT_PRODUCTS_DIR; };
		8BD1646926C06A3B00C2E126 /* XCTestHelpers.framework */ = {isa = PBXFileReference; explicitFileType = wrapper.framework; path = XCTestHelpers.framework; sourceTree = BUILT_PRODUCTS_DIR; };
		8BD1647726C0811500C2E126 /* RegistrationFormViewController.swift */ = {isa = PBXFileReference; lastKnownFileType = sourcecode.swift; path = RegistrationFormViewController.swift; sourceTree = "<group>"; };
		8BD1647926C0814000C2E126 /* Helpers.swift */ = {isa = PBXFileReference; lastKnownFileType = sourcecode.swift; path = Helpers.swift; sourceTree = "<group>"; };
/* End PBXFileReference section */

/* Begin PBXFrameworksBuildPhase section */
		8B75652E26BDEBED00D2F90E /* Frameworks */ = {
			isa = PBXFrameworksBuildPhase;
			buildActionMask = 2147483647;
			files = (
				8BD1644326C042BF00C2E126 /* RegistrationPresentation.framework in Frameworks */,
			);
			runOnlyForDeploymentPostprocessing = 0;
		};
		8B75653726BDEBEE00D2F90E /* Frameworks */ = {
			isa = PBXFrameworksBuildPhase;
			buildActionMask = 2147483647;
			files = (
				8B75653B26BDEBEE00D2F90E /* RegistrationUI.framework in Frameworks */,
				8BD1641826C00ED200C2E126 /* SnapshotTesting in Frameworks */,
			);
			runOnlyForDeploymentPostprocessing = 0;
		};
		8B75654D26BDED0900D2F90E /* Frameworks */ = {
			isa = PBXFrameworksBuildPhase;
			buildActionMask = 2147483647;
			files = (
				8BD1644826C042CE00C2E126 /* RegistrationCore.framework in Frameworks */,
				8BD163ED26BF503F00C2E126 /* RegistrationUI.framework in Frameworks */,
				8BD1644A26C042CE00C2E126 /* RegistrationPresentation.framework in Frameworks */,
			);
			runOnlyForDeploymentPostprocessing = 0;
		};
		8B75655526BDED0900D2F90E /* Frameworks */ = {
			isa = PBXFrameworksBuildPhase;
			buildActionMask = 2147483647;
			files = (
				8B75655926BDED0900D2F90E /* RegistrationComposition.framework in Frameworks */,
				8BD1646A26C06A3B00C2E126 /* XCTestHelpers.framework in Frameworks */,
			);
			runOnlyForDeploymentPostprocessing = 0;
		};
		8BD1641C26C0116100C2E126 /* Frameworks */ = {
			isa = PBXFrameworksBuildPhase;
			buildActionMask = 2147483647;
			files = (
				8BD1643926C0117300C2E126 /* RegistrationUI.framework in Frameworks */,
				8BD1645126C042EC00C2E126 /* RegistrationPresentation.framework in Frameworks */,
				8BD1644F26C042EC00C2E126 /* RegistrationCore.framework in Frameworks */,
				8BD1643526C0117300C2E126 /* RegistrationComposition.framework in Frameworks */,
			);
			runOnlyForDeploymentPostprocessing = 0;
		};
/* End PBXFrameworksBuildPhase section */

/* Begin PBXGroup section */
		8B75652726BDEBED00D2F90E = {
			isa = PBXGroup;
			children = (
				8B75653326BDEBED00D2F90E /* RegistrationUI */,
				8B75653E26BDEBEE00D2F90E /* RegistrationUITests */,
				8B75655126BDED0900D2F90E /* RegistrationComposition */,
				8B75655C26BDED0900D2F90E /* RegistrationCompositionTests */,
				8BD1642026C0116100C2E126 /* RegistrationDemo */,
				8B75653226BDEBED00D2F90E /* Products */,
				8BD163BD26BF2B6100C2E126 /* Frameworks */,
			);
			sourceTree = "<group>";
		};
		8B75653226BDEBED00D2F90E /* Products */ = {
			isa = PBXGroup;
			children = (
				8B75653126BDEBED00D2F90E /* RegistrationUI.framework */,
				8B75653A26BDEBEE00D2F90E /* RegistrationUITests.xctest */,
				8B75655026BDED0900D2F90E /* RegistrationComposition.framework */,
				8B75655826BDED0900D2F90E /* RegistrationCompositionTests.xctest */,
				8BD1641F26C0116100C2E126 /* RegistrationDemo.app */,
			);
			name = Products;
			sourceTree = "<group>";
		};
		8B75653326BDEBED00D2F90E /* RegistrationUI */ = {
			isa = PBXGroup;
			children = (
				8B75653526BDEBED00D2F90E /* Info.plist */,
				8BD163E126BF4F2000C2E126 /* RegistrationViewController.swift */,
				8BD1647726C0811500C2E126 /* RegistrationFormViewController.swift */,
				8BD1640F26C009F600C2E126 /* RegistrationViewController.storyboard */,
				8BD1640126BFF90C00C2E126 /* Animator.swift */,
				8BD1647926C0814000C2E126 /* Helpers.swift */,
			);
			path = RegistrationUI;
			sourceTree = "<group>";
		};
		8B75653E26BDEBEE00D2F90E /* RegistrationUITests */ = {
			isa = PBXGroup;
			children = (
				8B83961726C1BF8E00D837E9 /* Helpers */,
				8B75654126BDEBEE00D2F90E /* Info.plist */,
				8BD1641926C00F0400C2E126 /* RegistrationViewControllerSnapshotTests.swift */,
				8B83961126C1A16F00D837E9 /* RegistrationFormViewControllerSnapshotTests.swift */,
				8B83961326C1A65E00D837E9 /* XCTestCase+Helpers.swift */,
				8B83961526C1BDC800D837E9 /* RegistrationFormViewControllerTests.swift */,
			);
			path = RegistrationUITests;
			sourceTree = "<group>";
		};
		8B75655126BDED0900D2F90E /* RegistrationComposition */ = {
			isa = PBXGroup;
			children = (
				8B75655326BDED0900D2F90E /* Info.plist */,
				8BD163C926BF4D3900C2E126 /* Scheduler.swift */,
				8BD163F626BF517100C2E126 /* RegistrationUIKitViewComposer.swift */,
				8BD163F826BF51CC00C2E126 /* Weak.swift */,
			);
			path = RegistrationComposition;
			sourceTree = "<group>";
		};
		8B75655C26BDED0900D2F90E /* RegistrationCompositionTests */ = {
			isa = PBXGroup;
			children = (
				8BD163B226BF292000C2E126 /* Helpers */,
				8B75655F26BDED0900D2F90E /* Info.plist */,
				8B75656726BDED2F00D2F90E /* RegistrationViewComposerTests.swift */,
			);
			path = RegistrationCompositionTests;
			sourceTree = "<group>";
		};
		8B83961726C1BF8E00D837E9 /* Helpers */ = {
			isa = PBXGroup;
			children = (
				8B83961C26C1BF8E00D837E9 /* UIBarButtonItem+Helpers.swift */,
				8B83961926C1BF8E00D837E9 /* UIControl+Helpers.swift */,
				8B83961826C1BF8E00D837E9 /* UIView+Helpers.swift */,
				8B83961B26C1BF8E00D837E9 /* TapGestureRecognizerMock.swift */,
				8B83961A26C1BF8E00D837E9 /* TextFieldMock.swift */,
			);
			path = Helpers;
			sourceTree = "<group>";
		};
		8BD163B226BF292000C2E126 /* Helpers */ = {
			isa = PBXGroup;
			children = (
				8BD163B326BF293800C2E126 /* UIBarButtonItem+Helpers.swift */,
				8BD163B526BF294B00C2E126 /* UIControl+Helpers.swift */,
				8BD163B726BF296800C2E126 /* UIView+Helpers.swift */,
				8BD163B926BF298100C2E126 /* TapGestureRecognizerMock.swift */,
				8BD163BB26BF299200C2E126 /* TextFieldMock.swift */,
			);
			path = Helpers;
			sourceTree = "<group>";
		};
		8BD163BD26BF2B6100C2E126 /* Frameworks */ = {
			isa = PBXGroup;
			children = (
				8BD1646926C06A3B00C2E126 /* XCTestHelpers.framework */,
				8BD1644D26C042EC00C2E126 /* RegistrationCore.framework */,
				8BD1644E26C042EC00C2E126 /* RegistrationPresentation.framework */,
				8BD1644626C042CE00C2E126 /* RegistrationCore.framework */,
				8BD1644726C042CE00C2E126 /* RegistrationPresentation.framework */,
				8BD1644226C042BF00C2E126 /* RegistrationPresentation.framework */,
				8BD1643326C0117300C2E126 /* Core.framework */,
				8BD1643426C0117300C2E126 /* Presentation.framework */,
				8BD163F226BF50FF00C2E126 /* Presentation.framework */,
				8BD163DD26BF4EAF00C2E126 /* Presentation.framework */,
				8BD163DB26BF4EA200C2E126 /* Presentation.framework */,
				8BD163C526BF2BE800C2E126 /* Core.framework */,
				8BD163BE26BF2B6100C2E126 /* Core.framework */,
			);
			name = Frameworks;
			sourceTree = "<group>";
		};
		8BD1642026C0116100C2E126 /* RegistrationDemo */ = {
			isa = PBXGroup;
			children = (
				8BD1642126C0116100C2E126 /* AppDelegate.swift */,
				8BD1642326C0116100C2E126 /* SceneDelegate.swift */,
				8BD1642A26C0116300C2E126 /* Assets.xcassets */,
				8BD1642C26C0116300C2E126 /* LaunchScreen.storyboard */,
				8BD1642F26C0116300C2E126 /* Info.plist */,
			);
			path = RegistrationDemo;
			sourceTree = "<group>";
		};
/* End PBXGroup section */

/* Begin PBXHeadersBuildPhase section */
		8B75652C26BDEBED00D2F90E /* Headers */ = {
			isa = PBXHeadersBuildPhase;
			buildActionMask = 2147483647;
			files = (
			);
			runOnlyForDeploymentPostprocessing = 0;
		};
		8B75654B26BDED0900D2F90E /* Headers */ = {
			isa = PBXHeadersBuildPhase;
			buildActionMask = 2147483647;
			files = (
			);
			runOnlyForDeploymentPostprocessing = 0;
		};
/* End PBXHeadersBuildPhase section */

/* Begin PBXNativeTarget section */
		8B75653026BDEBED00D2F90E /* RegistrationUI */ = {
			isa = PBXNativeTarget;
			buildConfigurationList = 8B75654526BDEBEE00D2F90E /* Build configuration list for PBXNativeTarget "RegistrationUI" */;
			buildPhases = (
				8B75652C26BDEBED00D2F90E /* Headers */,
				8B75652D26BDEBED00D2F90E /* Sources */,
				8B75652E26BDEBED00D2F90E /* Frameworks */,
				8B75652F26BDEBED00D2F90E /* Resources */,
			);
			buildRules = (
			);
			dependencies = (
			);
			name = RegistrationUI;
			productName = UI;
			productReference = 8B75653126BDEBED00D2F90E /* RegistrationUI.framework */;
			productType = "com.apple.product-type.framework";
		};
		8B75653926BDEBEE00D2F90E /* RegistrationUITests */ = {
			isa = PBXNativeTarget;
			buildConfigurationList = 8B75654826BDEBEE00D2F90E /* Build configuration list for PBXNativeTarget "RegistrationUITests" */;
			buildPhases = (
				8B75653626BDEBEE00D2F90E /* Sources */,
				8B75653726BDEBEE00D2F90E /* Frameworks */,
				8B75653826BDEBEE00D2F90E /* Resources */,
			);
			buildRules = (
			);
			dependencies = (
				8B75653D26BDEBEE00D2F90E /* PBXTargetDependency */,
			);
			name = RegistrationUITests;
			packageProductDependencies = (
				8BD1641726C00ED200C2E126 /* SnapshotTesting */,
			);
			productName = UITests;
			productReference = 8B75653A26BDEBEE00D2F90E /* RegistrationUITests.xctest */;
			productType = "com.apple.product-type.bundle.unit-test";
		};
		8B75654F26BDED0900D2F90E /* RegistrationComposition */ = {
			isa = PBXNativeTarget;
			buildConfigurationList = 8B75656126BDED0900D2F90E /* Build configuration list for PBXNativeTarget "RegistrationComposition" */;
			buildPhases = (
				8B75654B26BDED0900D2F90E /* Headers */,
				8B75654C26BDED0900D2F90E /* Sources */,
				8B75654D26BDED0900D2F90E /* Frameworks */,
				8B75654E26BDED0900D2F90E /* Resources */,
			);
			buildRules = (
			);
			dependencies = (
				8BD163F026BF503F00C2E126 /* PBXTargetDependency */,
			);
			name = RegistrationComposition;
			productName = Composition;
			productReference = 8B75655026BDED0900D2F90E /* RegistrationComposition.framework */;
			productType = "com.apple.product-type.framework";
		};
		8B75655726BDED0900D2F90E /* RegistrationCompositionTests */ = {
			isa = PBXNativeTarget;
			buildConfigurationList = 8B75656426BDED0900D2F90E /* Build configuration list for PBXNativeTarget "RegistrationCompositionTests" */;
			buildPhases = (
				8B75655426BDED0900D2F90E /* Sources */,
				8B75655526BDED0900D2F90E /* Frameworks */,
				8B75655626BDED0900D2F90E /* Resources */,
			);
			buildRules = (
			);
			dependencies = (
				8B75655B26BDED0900D2F90E /* PBXTargetDependency */,
			);
			name = RegistrationCompositionTests;
			productName = CompositionTests;
			productReference = 8B75655826BDED0900D2F90E /* RegistrationCompositionTests.xctest */;
			productType = "com.apple.product-type.bundle.unit-test";
		};
		8BD1641E26C0116100C2E126 /* RegistrationDemo */ = {
			isa = PBXNativeTarget;
			buildConfigurationList = 8BD1643026C0116300C2E126 /* Build configuration list for PBXNativeTarget "RegistrationDemo" */;
			buildPhases = (
				8BD1641B26C0116100C2E126 /* Sources */,
				8BD1641C26C0116100C2E126 /* Frameworks */,
				8BD1641D26C0116100C2E126 /* Resources */,
				8BD1644126C0117300C2E126 /* Embed Frameworks */,
			);
			buildRules = (
			);
			dependencies = (
				8BD1643826C0117300C2E126 /* PBXTargetDependency */,
				8BD1643C26C0117300C2E126 /* PBXTargetDependency */,
			);
			name = RegistrationDemo;
			productName = Demo;
			productReference = 8BD1641F26C0116100C2E126 /* RegistrationDemo.app */;
			productType = "com.apple.product-type.application";
		};
/* End PBXNativeTarget section */

/* Begin PBXProject section */
		8B75652826BDEBED00D2F90E /* Project object */ = {
			isa = PBXProject;
			attributes = {
				LastSwiftUpdateCheck = 1250;
				LastUpgradeCheck = 1250;
				TargetAttributes = {
					8B75653026BDEBED00D2F90E = {
						CreatedOnToolsVersion = 12.5;
						LastSwiftMigration = 1250;
					};
					8B75653926BDEBEE00D2F90E = {
						CreatedOnToolsVersion = 12.5;
					};
					8B75654F26BDED0900D2F90E = {
						CreatedOnToolsVersion = 12.5;
						LastSwiftMigration = 1250;
					};
					8B75655726BDED0900D2F90E = {
						CreatedOnToolsVersion = 12.5;
					};
					8BD1641E26C0116100C2E126 = {
						CreatedOnToolsVersion = 12.5;
					};
				};
			};
			buildConfigurationList = 8B75652B26BDEBED00D2F90E /* Build configuration list for PBXProject "RegistrationiOS" */;
			compatibilityVersion = "Xcode 9.3";
			developmentRegion = en;
			hasScannedForEncodings = 0;
			knownRegions = (
				en,
				Base,
			);
			mainGroup = 8B75652726BDEBED00D2F90E;
			packageReferences = (
				8BD1641626C00ED200C2E126 /* XCRemoteSwiftPackageReference "swift-snapshot-testing" */,
			);
			productRefGroup = 8B75653226BDEBED00D2F90E /* Products */;
			projectDirPath = "";
			projectRoot = "";
			targets = (
				8B75653026BDEBED00D2F90E /* RegistrationUI */,
				8B75653926BDEBEE00D2F90E /* RegistrationUITests */,
				8B75654F26BDED0900D2F90E /* RegistrationComposition */,
				8B75655726BDED0900D2F90E /* RegistrationCompositionTests */,
				8BD1641E26C0116100C2E126 /* RegistrationDemo */,
			);
		};
/* End PBXProject section */

/* Begin PBXResourcesBuildPhase section */
		8B75652F26BDEBED00D2F90E /* Resources */ = {
			isa = PBXResourcesBuildPhase;
			buildActionMask = 2147483647;
			files = (
				8BD1641126C00A5000C2E126 /* RegistrationViewController.storyboard in Resources */,
			);
			runOnlyForDeploymentPostprocessing = 0;
		};
		8B75653826BDEBEE00D2F90E /* Resources */ = {
			isa = PBXResourcesBuildPhase;
			buildActionMask = 2147483647;
			files = (
			);
			runOnlyForDeploymentPostprocessing = 0;
		};
		8B75654E26BDED0900D2F90E /* Resources */ = {
			isa = PBXResourcesBuildPhase;
			buildActionMask = 2147483647;
			files = (
			);
			runOnlyForDeploymentPostprocessing = 0;
		};
		8B75655626BDED0900D2F90E /* Resources */ = {
			isa = PBXResourcesBuildPhase;
			buildActionMask = 2147483647;
			files = (
			);
			runOnlyForDeploymentPostprocessing = 0;
		};
		8BD1641D26C0116100C2E126 /* Resources */ = {
			isa = PBXResourcesBuildPhase;
			buildActionMask = 2147483647;
			files = (
				8BD1642E26C0116300C2E126 /* LaunchScreen.storyboard in Resources */,
				8BD1642B26C0116300C2E126 /* Assets.xcassets in Resources */,
			);
			runOnlyForDeploymentPostprocessing = 0;
		};
/* End PBXResourcesBuildPhase section */

/* Begin PBXSourcesBuildPhase section */
		8B75652D26BDEBED00D2F90E /* Sources */ = {
			isa = PBXSourcesBuildPhase;
			buildActionMask = 2147483647;
			files = (
				8BD163E226BF4F2000C2E126 /* RegistrationViewController.swift in Sources */,
				8BD1647826C0811500C2E126 /* RegistrationFormViewController.swift in Sources */,
				8BD1640226BFF90C00C2E126 /* Animator.swift in Sources */,
				8BD1647A26C0814000C2E126 /* Helpers.swift in Sources */,
			);
			runOnlyForDeploymentPostprocessing = 0;
		};
		8B75653626BDEBEE00D2F90E /* Sources */ = {
			isa = PBXSourcesBuildPhase;
			buildActionMask = 2147483647;
			files = (
				8B83961E26C1BF8E00D837E9 /* UIBarButtonItem+Helpers.swift in Sources */,
				8B83961F26C1BF8E00D837E9 /* TapGestureRecognizerMock.swift in Sources */,
				8B83961426C1A65E00D837E9 /* XCTestCase+Helpers.swift in Sources */,
				8B83961626C1BDC800D837E9 /* RegistrationFormViewControllerTests.swift in Sources */,
				8B83962126C1BF8E00D837E9 /* UIView+Helpers.swift in Sources */,
				8BD1641A26C00F0400C2E126 /* RegistrationViewControllerSnapshotTests.swift in Sources */,
				8B83961226C1A16F00D837E9 /* RegistrationFormViewControllerSnapshotTests.swift in Sources */,
				8B83961D26C1BF8E00D837E9 /* TextFieldMock.swift in Sources */,
				8B83962026C1BF8E00D837E9 /* UIControl+Helpers.swift in Sources */,
			);
			runOnlyForDeploymentPostprocessing = 0;
		};
		8B75654C26BDED0900D2F90E /* Sources */ = {
			isa = PBXSourcesBuildPhase;
			buildActionMask = 2147483647;
			files = (
				8BD1640326BFFAD200C2E126 /* Scheduler.swift in Sources */,
				8BD163F726BF517100C2E126 /* RegistrationUIKitViewComposer.swift in Sources */,
				8BD163F926BF51CC00C2E126 /* Weak.swift in Sources */,
			);
			runOnlyForDeploymentPostprocessing = 0;
		};
		8B75655426BDED0900D2F90E /* Sources */ = {
			isa = PBXSourcesBuildPhase;
			buildActionMask = 2147483647;
			files = (
				8BD163B426BF293800C2E126 /* UIBarButtonItem+Helpers.swift in Sources */,
				8B75656826BDED2F00D2F90E /* RegistrationViewComposerTests.swift in Sources */,
				8BD163BA26BF298100C2E126 /* TapGestureRecognizerMock.swift in Sources */,
				8BD163B826BF296800C2E126 /* UIView+Helpers.swift in Sources */,
				8BD163B626BF294B00C2E126 /* UIControl+Helpers.swift in Sources */,
				8BD163BC26BF299200C2E126 /* TextFieldMock.swift in Sources */,
			);
			runOnlyForDeploymentPostprocessing = 0;
		};
		8BD1641B26C0116100C2E126 /* Sources */ = {
			isa = PBXSourcesBuildPhase;
			buildActionMask = 2147483647;
			files = (
				8BD1642226C0116100C2E126 /* AppDelegate.swift in Sources */,
				8BD1642426C0116100C2E126 /* SceneDelegate.swift in Sources */,
			);
			runOnlyForDeploymentPostprocessing = 0;
		};
/* End PBXSourcesBuildPhase section */

/* Begin PBXTargetDependency section */
		8B75653D26BDEBEE00D2F90E /* PBXTargetDependency */ = {
			isa = PBXTargetDependency;
			target = 8B75653026BDEBED00D2F90E /* RegistrationUI */;
			targetProxy = 8B75653C26BDEBEE00D2F90E /* PBXContainerItemProxy */;
		};
		8B75655B26BDED0900D2F90E /* PBXTargetDependency */ = {
			isa = PBXTargetDependency;
			target = 8B75654F26BDED0900D2F90E /* RegistrationComposition */;
			targetProxy = 8B75655A26BDED0900D2F90E /* PBXContainerItemProxy */;
		};
		8BD163F026BF503F00C2E126 /* PBXTargetDependency */ = {
			isa = PBXTargetDependency;
			target = 8B75653026BDEBED00D2F90E /* RegistrationUI */;
			targetProxy = 8BD163EF26BF503F00C2E126 /* PBXContainerItemProxy */;
		};
		8BD1643826C0117300C2E126 /* PBXTargetDependency */ = {
			isa = PBXTargetDependency;
			target = 8B75654F26BDED0900D2F90E /* RegistrationComposition */;
			targetProxy = 8BD1643726C0117300C2E126 /* PBXContainerItemProxy */;
		};
		8BD1643C26C0117300C2E126 /* PBXTargetDependency */ = {
			isa = PBXTargetDependency;
			target = 8B75653026BDEBED00D2F90E /* RegistrationUI */;
			targetProxy = 8BD1643B26C0117300C2E126 /* PBXContainerItemProxy */;
		};
/* End PBXTargetDependency section */

/* Begin PBXVariantGroup section */
		8BD1640F26C009F600C2E126 /* RegistrationViewController.storyboard */ = {
			isa = PBXVariantGroup;
			children = (
				8BD1641026C009F600C2E126 /* Base */,
			);
			name = RegistrationViewController.storyboard;
			sourceTree = "<group>";
		};
		8BD1642C26C0116300C2E126 /* LaunchScreen.storyboard */ = {
			isa = PBXVariantGroup;
			children = (
				8BD1642D26C0116300C2E126 /* Base */,
			);
			name = LaunchScreen.storyboard;
			sourceTree = "<group>";
		};
/* End PBXVariantGroup section */

/* Begin XCBuildConfiguration section */
		8B75654326BDEBEE00D2F90E /* Debug */ = {
			isa = XCBuildConfiguration;
			buildSettings = {
				ALWAYS_SEARCH_USER_PATHS = NO;
				CLANG_ANALYZER_NONNULL = YES;
				CLANG_ANALYZER_NUMBER_OBJECT_CONVERSION = YES_AGGRESSIVE;
				CLANG_CXX_LANGUAGE_STANDARD = "gnu++14";
				CLANG_CXX_LIBRARY = "libc++";
				CLANG_ENABLE_MODULES = YES;
				CLANG_ENABLE_OBJC_ARC = YES;
				CLANG_ENABLE_OBJC_WEAK = YES;
				CLANG_WARN_BLOCK_CAPTURE_AUTORELEASING = YES;
				CLANG_WARN_BOOL_CONVERSION = YES;
				CLANG_WARN_COMMA = YES;
				CLANG_WARN_CONSTANT_CONVERSION = YES;
				CLANG_WARN_DEPRECATED_OBJC_IMPLEMENTATIONS = YES;
				CLANG_WARN_DIRECT_OBJC_ISA_USAGE = YES_ERROR;
				CLANG_WARN_DOCUMENTATION_COMMENTS = YES;
				CLANG_WARN_EMPTY_BODY = YES;
				CLANG_WARN_ENUM_CONVERSION = YES;
				CLANG_WARN_INFINITE_RECURSION = YES;
				CLANG_WARN_INT_CONVERSION = YES;
				CLANG_WARN_NON_LITERAL_NULL_CONVERSION = YES;
				CLANG_WARN_OBJC_IMPLICIT_RETAIN_SELF = YES;
				CLANG_WARN_OBJC_LITERAL_CONVERSION = YES;
				CLANG_WARN_OBJC_ROOT_CLASS = YES_ERROR;
				CLANG_WARN_QUOTED_INCLUDE_IN_FRAMEWORK_HEADER = YES;
				CLANG_WARN_RANGE_LOOP_ANALYSIS = YES;
				CLANG_WARN_STRICT_PROTOTYPES = YES;
				CLANG_WARN_SUSPICIOUS_MOVE = YES;
				CLANG_WARN_UNGUARDED_AVAILABILITY = YES_AGGRESSIVE;
				CLANG_WARN_UNREACHABLE_CODE = YES;
				CLANG_WARN__DUPLICATE_METHOD_MATCH = YES;
				COPY_PHASE_STRIP = NO;
				CURRENT_PROJECT_VERSION = 1;
				DEBUG_INFORMATION_FORMAT = dwarf;
				ENABLE_STRICT_OBJC_MSGSEND = YES;
				ENABLE_TESTABILITY = YES;
				GCC_C_LANGUAGE_STANDARD = gnu11;
				GCC_DYNAMIC_NO_PIC = NO;
				GCC_NO_COMMON_BLOCKS = YES;
				GCC_OPTIMIZATION_LEVEL = 0;
				GCC_PREPROCESSOR_DEFINITIONS = (
					"DEBUG=1",
					"$(inherited)",
				);
				GCC_WARN_64_TO_32_BIT_CONVERSION = YES;
				GCC_WARN_ABOUT_RETURN_TYPE = YES_ERROR;
				GCC_WARN_UNDECLARED_SELECTOR = YES;
				GCC_WARN_UNINITIALIZED_AUTOS = YES_AGGRESSIVE;
				GCC_WARN_UNUSED_FUNCTION = YES;
				GCC_WARN_UNUSED_VARIABLE = YES;
				IPHONEOS_DEPLOYMENT_TARGET = 14.5;
				MTL_ENABLE_DEBUG_INFO = INCLUDE_SOURCE;
				MTL_FAST_MATH = YES;
				ONLY_ACTIVE_ARCH = YES;
				SDKROOT = iphoneos;
				SWIFT_ACTIVE_COMPILATION_CONDITIONS = DEBUG;
				SWIFT_OPTIMIZATION_LEVEL = "-Onone";
				VERSIONING_SYSTEM = "apple-generic";
				VERSION_INFO_PREFIX = "";
			};
			name = Debug;
		};
		8B75654426BDEBEE00D2F90E /* Release */ = {
			isa = XCBuildConfiguration;
			buildSettings = {
				ALWAYS_SEARCH_USER_PATHS = NO;
				CLANG_ANALYZER_NONNULL = YES;
				CLANG_ANALYZER_NUMBER_OBJECT_CONVERSION = YES_AGGRESSIVE;
				CLANG_CXX_LANGUAGE_STANDARD = "gnu++14";
				CLANG_CXX_LIBRARY = "libc++";
				CLANG_ENABLE_MODULES = YES;
				CLANG_ENABLE_OBJC_ARC = YES;
				CLANG_ENABLE_OBJC_WEAK = YES;
				CLANG_WARN_BLOCK_CAPTURE_AUTORELEASING = YES;
				CLANG_WARN_BOOL_CONVERSION = YES;
				CLANG_WARN_COMMA = YES;
				CLANG_WARN_CONSTANT_CONVERSION = YES;
				CLANG_WARN_DEPRECATED_OBJC_IMPLEMENTATIONS = YES;
				CLANG_WARN_DIRECT_OBJC_ISA_USAGE = YES_ERROR;
				CLANG_WARN_DOCUMENTATION_COMMENTS = YES;
				CLANG_WARN_EMPTY_BODY = YES;
				CLANG_WARN_ENUM_CONVERSION = YES;
				CLANG_WARN_INFINITE_RECURSION = YES;
				CLANG_WARN_INT_CONVERSION = YES;
				CLANG_WARN_NON_LITERAL_NULL_CONVERSION = YES;
				CLANG_WARN_OBJC_IMPLICIT_RETAIN_SELF = YES;
				CLANG_WARN_OBJC_LITERAL_CONVERSION = YES;
				CLANG_WARN_OBJC_ROOT_CLASS = YES_ERROR;
				CLANG_WARN_QUOTED_INCLUDE_IN_FRAMEWORK_HEADER = YES;
				CLANG_WARN_RANGE_LOOP_ANALYSIS = YES;
				CLANG_WARN_STRICT_PROTOTYPES = YES;
				CLANG_WARN_SUSPICIOUS_MOVE = YES;
				CLANG_WARN_UNGUARDED_AVAILABILITY = YES_AGGRESSIVE;
				CLANG_WARN_UNREACHABLE_CODE = YES;
				CLANG_WARN__DUPLICATE_METHOD_MATCH = YES;
				COPY_PHASE_STRIP = NO;
				CURRENT_PROJECT_VERSION = 1;
				DEBUG_INFORMATION_FORMAT = "dwarf-with-dsym";
				ENABLE_NS_ASSERTIONS = NO;
				ENABLE_STRICT_OBJC_MSGSEND = YES;
				GCC_C_LANGUAGE_STANDARD = gnu11;
				GCC_NO_COMMON_BLOCKS = YES;
				GCC_WARN_64_TO_32_BIT_CONVERSION = YES;
				GCC_WARN_ABOUT_RETURN_TYPE = YES_ERROR;
				GCC_WARN_UNDECLARED_SELECTOR = YES;
				GCC_WARN_UNINITIALIZED_AUTOS = YES_AGGRESSIVE;
				GCC_WARN_UNUSED_FUNCTION = YES;
				GCC_WARN_UNUSED_VARIABLE = YES;
				IPHONEOS_DEPLOYMENT_TARGET = 14.5;
				MTL_ENABLE_DEBUG_INFO = NO;
				MTL_FAST_MATH = YES;
				SDKROOT = iphoneos;
				SWIFT_COMPILATION_MODE = wholemodule;
				SWIFT_OPTIMIZATION_LEVEL = "-O";
				VALIDATE_PRODUCT = YES;
				VERSIONING_SYSTEM = "apple-generic";
				VERSION_INFO_PREFIX = "";
			};
			name = Release;
		};
		8B75654626BDEBEE00D2F90E /* Debug */ = {
			isa = XCBuildConfiguration;
			buildSettings = {
				CLANG_ENABLE_MODULES = YES;
				CODE_SIGN_STYLE = Automatic;
				DEFINES_MODULE = YES;
				DYLIB_COMPATIBILITY_VERSION = 1;
				DYLIB_CURRENT_VERSION = 1;
				DYLIB_INSTALL_NAME_BASE = "@rpath";
				INFOPLIST_FILE = RegistrationUI/Info.plist;
				INSTALL_PATH = "$(LOCAL_LIBRARY_DIR)/Frameworks";
				LD_RUNPATH_SEARCH_PATHS = (
					"$(inherited)",
					"@executable_path/Frameworks",
					"@loader_path/Frameworks",
				);
				PRODUCT_BUNDLE_IDENTIFIER = com.danillakhtin.registration.UI;
				PRODUCT_NAME = "$(TARGET_NAME:c99extidentifier)";
				SKIP_INSTALL = YES;
				SWIFT_OPTIMIZATION_LEVEL = "-Onone";
				SWIFT_VERSION = 5.0;
				TARGETED_DEVICE_FAMILY = "1,2";
			};
			name = Debug;
		};
		8B75654726BDEBEE00D2F90E /* Release */ = {
			isa = XCBuildConfiguration;
			buildSettings = {
				CLANG_ENABLE_MODULES = YES;
				CODE_SIGN_STYLE = Automatic;
				DEFINES_MODULE = YES;
				DYLIB_COMPATIBILITY_VERSION = 1;
				DYLIB_CURRENT_VERSION = 1;
				DYLIB_INSTALL_NAME_BASE = "@rpath";
				INFOPLIST_FILE = RegistrationUI/Info.plist;
				INSTALL_PATH = "$(LOCAL_LIBRARY_DIR)/Frameworks";
				LD_RUNPATH_SEARCH_PATHS = (
					"$(inherited)",
					"@executable_path/Frameworks",
					"@loader_path/Frameworks",
				);
				PRODUCT_BUNDLE_IDENTIFIER = com.danillakhtin.registration.UI;
				PRODUCT_NAME = "$(TARGET_NAME:c99extidentifier)";
				SKIP_INSTALL = YES;
				SWIFT_VERSION = 5.0;
				TARGETED_DEVICE_FAMILY = "1,2";
			};
			name = Release;
		};
		8B75654926BDEBEE00D2F90E /* Debug */ = {
			isa = XCBuildConfiguration;
			buildSettings = {
				ALWAYS_EMBED_SWIFT_STANDARD_LIBRARIES = YES;
				CODE_SIGN_STYLE = Automatic;
				INFOPLIST_FILE = RegistrationUITests/Info.plist;
				LD_RUNPATH_SEARCH_PATHS = (
					"$(inherited)",
					"@executable_path/Frameworks",
					"@loader_path/Frameworks",
				);
				PRODUCT_BUNDLE_IDENTIFIER = com.danillakhtin.registration.UITests;
				PRODUCT_NAME = "$(TARGET_NAME)";
				SWIFT_VERSION = 5.0;
				TARGETED_DEVICE_FAMILY = "1,2";
			};
			name = Debug;
		};
		8B75654A26BDEBEE00D2F90E /* Release */ = {
			isa = XCBuildConfiguration;
			buildSettings = {
				ALWAYS_EMBED_SWIFT_STANDARD_LIBRARIES = YES;
				CODE_SIGN_STYLE = Automatic;
				INFOPLIST_FILE = RegistrationUITests/Info.plist;
				LD_RUNPATH_SEARCH_PATHS = (
					"$(inherited)",
					"@executable_path/Frameworks",
					"@loader_path/Frameworks",
				);
				PRODUCT_BUNDLE_IDENTIFIER = com.danillakhtin.registration.UITests;
				PRODUCT_NAME = "$(TARGET_NAME)";
				SWIFT_VERSION = 5.0;
				TARGETED_DEVICE_FAMILY = "1,2";
			};
			name = Release;
		};
		8B75656226BDED0900D2F90E /* Debug */ = {
			isa = XCBuildConfiguration;
			buildSettings = {
				CLANG_ENABLE_MODULES = YES;
				CODE_SIGN_STYLE = Automatic;
				DEFINES_MODULE = YES;
				DYLIB_COMPATIBILITY_VERSION = 1;
				DYLIB_CURRENT_VERSION = 1;
				DYLIB_INSTALL_NAME_BASE = "@rpath";
				INFOPLIST_FILE = RegistrationComposition/Info.plist;
				INSTALL_PATH = "$(LOCAL_LIBRARY_DIR)/Frameworks";
				LD_RUNPATH_SEARCH_PATHS = (
					"$(inherited)",
					"@executable_path/Frameworks",
					"@loader_path/Frameworks",
				);
				PRODUCT_BUNDLE_IDENTIFIER = com.danillakhtin.registration.Composition;
				PRODUCT_NAME = "$(TARGET_NAME:c99extidentifier)";
				SKIP_INSTALL = YES;
				SWIFT_OPTIMIZATION_LEVEL = "-Onone";
				SWIFT_VERSION = 5.0;
				TARGETED_DEVICE_FAMILY = "1,2";
			};
			name = Debug;
		};
		8B75656326BDED0900D2F90E /* Release */ = {
			isa = XCBuildConfiguration;
			buildSettings = {
				CLANG_ENABLE_MODULES = YES;
				CODE_SIGN_STYLE = Automatic;
				DEFINES_MODULE = YES;
				DYLIB_COMPATIBILITY_VERSION = 1;
				DYLIB_CURRENT_VERSION = 1;
				DYLIB_INSTALL_NAME_BASE = "@rpath";
				INFOPLIST_FILE = RegistrationComposition/Info.plist;
				INSTALL_PATH = "$(LOCAL_LIBRARY_DIR)/Frameworks";
				LD_RUNPATH_SEARCH_PATHS = (
					"$(inherited)",
					"@executable_path/Frameworks",
					"@loader_path/Frameworks",
				);
				PRODUCT_BUNDLE_IDENTIFIER = com.danillakhtin.registration.Composition;
				PRODUCT_NAME = "$(TARGET_NAME:c99extidentifier)";
				SKIP_INSTALL = YES;
				SWIFT_VERSION = 5.0;
				TARGETED_DEVICE_FAMILY = "1,2";
			};
			name = Release;
		};
		8B75656526BDED0900D2F90E /* Debug */ = {
			isa = XCBuildConfiguration;
			buildSettings = {
				ALWAYS_EMBED_SWIFT_STANDARD_LIBRARIES = YES;
				CODE_SIGN_STYLE = Automatic;
				INFOPLIST_FILE = RegistrationCompositionTests/Info.plist;
				LD_RUNPATH_SEARCH_PATHS = (
					"$(inherited)",
					"@executable_path/Frameworks",
					"@loader_path/Frameworks",
				);
				PRODUCT_BUNDLE_IDENTIFIER = com.danillakhtin.registration.CompositionTests;
				PRODUCT_NAME = "$(TARGET_NAME)";
				SWIFT_VERSION = 5.0;
				TARGETED_DEVICE_FAMILY = "1,2";
			};
			name = Debug;
		};
		8B75656626BDED0900D2F90E /* Release */ = {
			isa = XCBuildConfiguration;
			buildSettings = {
				ALWAYS_EMBED_SWIFT_STANDARD_LIBRARIES = YES;
				CODE_SIGN_STYLE = Automatic;
				INFOPLIST_FILE = RegistrationCompositionTests/Info.plist;
				LD_RUNPATH_SEARCH_PATHS = (
					"$(inherited)",
					"@executable_path/Frameworks",
					"@loader_path/Frameworks",
				);
				PRODUCT_BUNDLE_IDENTIFIER = com.danillakhtin.registration.CompositionTests;
				PRODUCT_NAME = "$(TARGET_NAME)";
				SWIFT_VERSION = 5.0;
				TARGETED_DEVICE_FAMILY = "1,2";
			};
			name = Release;
		};
		8BD1643126C0116300C2E126 /* Debug */ = {
			isa = XCBuildConfiguration;
			buildSettings = {
				ASSETCATALOG_COMPILER_APPICON_NAME = AppIcon;
				ASSETCATALOG_COMPILER_GLOBAL_ACCENT_COLOR_NAME = AccentColor;
				CODE_SIGN_STYLE = Automatic;
				INFOPLIST_FILE = RegistrationDemo/Info.plist;
				LD_RUNPATH_SEARCH_PATHS = (
					"$(inherited)",
					"@executable_path/Frameworks",
				);
				PRODUCT_BUNDLE_IDENTIFIER = com.danillakhtin.registration.Demo;
				PRODUCT_NAME = "$(TARGET_NAME)";
				SWIFT_VERSION = 5.0;
				TARGETED_DEVICE_FAMILY = "1,2";
			};
			name = Debug;
		};
		8BD1643226C0116300C2E126 /* Release */ = {
			isa = XCBuildConfiguration;
			buildSettings = {
				ASSETCATALOG_COMPILER_APPICON_NAME = AppIcon;
				ASSETCATALOG_COMPILER_GLOBAL_ACCENT_COLOR_NAME = AccentColor;
				CODE_SIGN_STYLE = Automatic;
				INFOPLIST_FILE = RegistrationDemo/Info.plist;
				LD_RUNPATH_SEARCH_PATHS = (
					"$(inherited)",
					"@executable_path/Frameworks",
				);
				PRODUCT_BUNDLE_IDENTIFIER = com.danillakhtin.registration.Demo;
				PRODUCT_NAME = "$(TARGET_NAME)";
				SWIFT_VERSION = 5.0;
				TARGETED_DEVICE_FAMILY = "1,2";
			};
			name = Release;
		};
/* End XCBuildConfiguration section */

/* Begin XCConfigurationList section */
		8B75652B26BDEBED00D2F90E /* Build configuration list for PBXProject "RegistrationiOS" */ = {
			isa = XCConfigurationList;
			buildConfigurations = (
				8B75654326BDEBEE00D2F90E /* Debug */,
				8B75654426BDEBEE00D2F90E /* Release */,
			);
			defaultConfigurationIsVisible = 0;
			defaultConfigurationName = Release;
		};
		8B75654526BDEBEE00D2F90E /* Build configuration list for PBXNativeTarget "RegistrationUI" */ = {
			isa = XCConfigurationList;
			buildConfigurations = (
				8B75654626BDEBEE00D2F90E /* Debug */,
				8B75654726BDEBEE00D2F90E /* Release */,
			);
			defaultConfigurationIsVisible = 0;
			defaultConfigurationName = Release;
		};
		8B75654826BDEBEE00D2F90E /* Build configuration list for PBXNativeTarget "RegistrationUITests" */ = {
			isa = XCConfigurationList;
			buildConfigurations = (
				8B75654926BDEBEE00D2F90E /* Debug */,
				8B75654A26BDEBEE00D2F90E /* Release */,
			);
			defaultConfigurationIsVisible = 0;
			defaultConfigurationName = Release;
		};
		8B75656126BDED0900D2F90E /* Build configuration list for PBXNativeTarget "RegistrationComposition" */ = {
			isa = XCConfigurationList;
			buildConfigurations = (
				8B75656226BDED0900D2F90E /* Debug */,
				8B75656326BDED0900D2F90E /* Release */,
			);
			defaultConfigurationIsVisible = 0;
			defaultConfigurationName = Release;
		};
		8B75656426BDED0900D2F90E /* Build configuration list for PBXNativeTarget "RegistrationCompositionTests" */ = {
			isa = XCConfigurationList;
			buildConfigurations = (
				8B75656526BDED0900D2F90E /* Debug */,
				8B75656626BDED0900D2F90E /* Release */,
			);
			defaultConfigurationIsVisible = 0;
			defaultConfigurationName = Release;
		};
		8BD1643026C0116300C2E126 /* Build configuration list for PBXNativeTarget "RegistrationDemo" */ = {
			isa = XCConfigurationList;
			buildConfigurations = (
				8BD1643126C0116300C2E126 /* Debug */,
				8BD1643226C0116300C2E126 /* Release */,
			);
			defaultConfigurationIsVisible = 0;
			defaultConfigurationName = Release;
		};
/* End XCConfigurationList section */

/* Begin XCRemoteSwiftPackageReference section */
		8BD1641626C00ED200C2E126 /* XCRemoteSwiftPackageReference "swift-snapshot-testing" */ = {
			isa = XCRemoteSwiftPackageReference;
			repositoryURL = "https://github.com/pointfreeco/swift-snapshot-testing.git";
			requirement = {
				kind = upToNextMajorVersion;
				minimumVersion = 1.9.0;
			};
		};
/* End XCRemoteSwiftPackageReference section */

/* Begin XCSwiftPackageProductDependency section */
		8BD1641726C00ED200C2E126 /* SnapshotTesting */ = {
			isa = XCSwiftPackageProductDependency;
			package = 8BD1641626C00ED200C2E126 /* XCRemoteSwiftPackageReference "swift-snapshot-testing" */;
			productName = SnapshotTesting;
		};
/* End XCSwiftPackageProductDependency section */
	};
	rootObject = 8B75652826BDEBED00D2F90E /* Project object */;
}
